
Microsoft Visual Studio Solution File, Format Version 12.00
# Visual Studio 2017
Project("{FAE04EC0-301F-11D3-BF4B-00C04F79EFBC}") = "withADF", "withADF.csproj", "{89581C8E-88CB-C430-AEAA-A24503D4C5CD}"
EndProject
Project("{FAE04EC0-301F-11D3-BF4B-00C04F79EFBC}") = "withADF.Editor", "withADF.Editor.csproj", "{38CBF4DE-FF29-86BF-0125-36476D450EC8}"
EndProject
Global
	GlobalSection(SolutionConfigurationPlatforms) = preSolution
		Debug|Any CPU = Debug|Any CPU
		Release|Any CPU = Release|Any CPU
	EndGlobalSection
	GlobalSection(ProjectConfigurationPlatforms) = postSolution
		{89581C8E-88CB-C430-AEAA-A24503D4C5CD}.Debug|Any CPU.ActiveCfg = Debug|Any CPU
		{89581C8E-88CB-C430-AEAA-A24503D4C5CD}.Debug|Any CPU.Build.0 = Debug|Any CPU
		{89581C8E-88CB-C430-AEAA-A24503D4C5CD}.Release|Any CPU.ActiveCfg = Release|Any CPU
		{89581C8E-88CB-C430-AEAA-A24503D4C5CD}.Release|Any CPU.Build.0 = Release|Any CPU
		{38CBF4DE-FF29-86BF-0125-36476D450EC8}.Debug|Any CPU.ActiveCfg = Debug|Any CPU
		{38CBF4DE-FF29-86BF-0125-36476D450EC8}.Debug|Any CPU.Build.0 = Debug|Any CPU
		{38CBF4DE-FF29-86BF-0125-36476D450EC8}.Release|Any CPU.ActiveCfg = Release|Any CPU
		{38CBF4DE-FF29-86BF-0125-36476D450EC8}.Release|Any CPU.Build.0 = Release|Any CPU
	EndGlobalSection
	GlobalSection(SolutionProperties) = preSolution
		HideSolutionNode = FALSE
	EndGlobalSection
EndGlobal
